// !$*UTF8*$!
{
	archiveVersion = 1;
	classes = {
	};
	objectVersion = 56;
	objects = {

/* Begin PBXBuildFile section */
		E411DCF52A7C988400529F4D /* AppDelegate.swift in Sources */ = {isa = PBXBuildFile; fileRef = E411DCF42A7C988400529F4D /* AppDelegate.swift */; };
		E411DCF72A7C988400529F4D /* SceneDelegate.swift in Sources */ = {isa = PBXBuildFile; fileRef = E411DCF62A7C988400529F4D /* SceneDelegate.swift */; };
		E411DCF92A7C988400529F4D /* StartViewController.swift in Sources */ = {isa = PBXBuildFile; fileRef = E411DCF82A7C988400529F4D /* StartViewController.swift */; };
		E411DCFC2A7C988400529F4D /* Main.storyboard in Resources */ = {isa = PBXBuildFile; fileRef = E411DCFA2A7C988400529F4D /* Main.storyboard */; };
		E411DCFF2A7C988400529F4D /* ProsePro.xcdatamodeld in Sources */ = {isa = PBXBuildFile; fileRef = E411DCFD2A7C988400529F4D /* ProsePro.xcdatamodeld */; };
		E411DD012A7C988500529F4D /* Assets.xcassets in Resources */ = {isa = PBXBuildFile; fileRef = E411DD002A7C988500529F4D /* Assets.xcassets */; };
		E411DD042A7C988500529F4D /* LaunchScreen.storyboard in Resources */ = {isa = PBXBuildFile; fileRef = E411DD022A7C988500529F4D /* LaunchScreen.storyboard */; };
		E411DD0E2A7CA87A00529F4D /* LearnViewController.swift in Sources */ = {isa = PBXBuildFile; fileRef = E411DD0D2A7CA87A00529F4D /* LearnViewController.swift */; };
		E411DD102A7CA92500529F4D /* BrowseViewController.swift in Sources */ = {isa = PBXBuildFile; fileRef = E411DD0F2A7CA92500529F4D /* BrowseViewController.swift */; };
		E47527422A7F6ECC00FF5716 /* OpenAI in Frameworks */ = {isa = PBXBuildFile; productRef = E47527412A7F6ECC00FF5716 /* OpenAI */; };
		E47527442A7F73D100FF5716 /* ChatGPT.swift in Sources */ = {isa = PBXBuildFile; fileRef = E47527432A7F73D100FF5716 /* ChatGPT.swift */; };
		E47527482A7F759800FF5716 /* Config.swift in Sources */ = {isa = PBXBuildFile; fileRef = E47527472A7F759800FF5716 /* Config.swift */; };
		E49EE6EC2A7F3CE1002F83D3 /* Realm in Frameworks */ = {isa = PBXBuildFile; productRef = E49EE6EB2A7F3CE1002F83D3 /* Realm */; };
		E49EE6EE2A7F3CE1002F83D3 /* RealmSwift in Frameworks */ = {isa = PBXBuildFile; productRef = E49EE6ED2A7F3CE1002F83D3 /* RealmSwift */; };
		E49EE6F02A7F3D86002F83D3 /* Card.swift in Sources */ = {isa = PBXBuildFile; fileRef = E49EE6EF2A7F3D86002F83D3 /* Card.swift */; };
		E49EE6F32A7F47E9002F83D3 /* TwoColumnCell.swift in Sources */ = {isa = PBXBuildFile; fileRef = E49EE6F22A7F47E9002F83D3 /* TwoColumnCell.swift */; };
		E49EE6F52A7F4EAF002F83D3 /* EditViewController.swift in Sources */ = {isa = PBXBuildFile; fileRef = E49EE6F42A7F4EAF002F83D3 /* EditViewController.swift */; };
		E4DA4BDC2A80AFEF00390D66 /* CardManager.swift in Sources */ = {isa = PBXBuildFile; fileRef = E4DA4BDB2A80AFEF00390D66 /* CardManager.swift */; };
		E4DA4BDE2A80E46E00390D66 /* Config.plist in Resources */ = {isa = PBXBuildFile; fileRef = E4DA4BDD2A80E46E00390D66 /* Config.plist */; };
/* End PBXBuildFile section */

/* Begin PBXFileReference section */
		E411DCF12A7C988400529F4D /* ProsePro.app */ = {isa = PBXFileReference; explicitFileType = wrapper.application; includeInIndex = 0; path = ProsePro.app; sourceTree = BUILT_PRODUCTS_DIR; };
		E411DCF42A7C988400529F4D /* AppDelegate.swift */ = {isa = PBXFileReference; lastKnownFileType = sourcecode.swift; path = AppDelegate.swift; sourceTree = "<group>"; };
		E411DCF62A7C988400529F4D /* SceneDelegate.swift */ = {isa = PBXFileReference; lastKnownFileType = sourcecode.swift; path = SceneDelegate.swift; sourceTree = "<group>"; };
		E411DCF82A7C988400529F4D /* StartViewController.swift */ = {isa = PBXFileReference; lastKnownFileType = sourcecode.swift; path = StartViewController.swift; sourceTree = "<group>"; };
		E411DCFB2A7C988400529F4D /* Base */ = {isa = PBXFileReference; lastKnownFileType = file.storyboard; name = Base; path = Base.lproj/Main.storyboard; sourceTree = "<group>"; };
		E411DCFE2A7C988400529F4D /* ProsePro.xcdatamodel */ = {isa = PBXFileReference; lastKnownFileType = wrapper.xcdatamodel; path = ProsePro.xcdatamodel; sourceTree = "<group>"; };
		E411DD002A7C988500529F4D /* Assets.xcassets */ = {isa = PBXFileReference; lastKnownFileType = folder.assetcatalog; path = Assets.xcassets; sourceTree = "<group>"; };
		E411DD032A7C988500529F4D /* Base */ = {isa = PBXFileReference; lastKnownFileType = file.storyboard; name = Base; path = Base.lproj/LaunchScreen.storyboard; sourceTree = "<group>"; };
		E411DD052A7C988500529F4D /* Info.plist */ = {isa = PBXFileReference; lastKnownFileType = text.plist.xml; path = Info.plist; sourceTree = "<group>"; };
		E411DD0D2A7CA87A00529F4D /* LearnViewController.swift */ = {isa = PBXFileReference; lastKnownFileType = sourcecode.swift; path = LearnViewController.swift; sourceTree = "<group>"; };
		E411DD0F2A7CA92500529F4D /* BrowseViewController.swift */ = {isa = PBXFileReference; lastKnownFileType = sourcecode.swift; path = BrowseViewController.swift; sourceTree = "<group>"; };
		E47527432A7F73D100FF5716 /* ChatGPT.swift */ = {isa = PBXFileReference; lastKnownFileType = sourcecode.swift; path = ChatGPT.swift; sourceTree = "<group>"; };
		E47527472A7F759800FF5716 /* Config.swift */ = {isa = PBXFileReference; lastKnownFileType = sourcecode.swift; path = Config.swift; sourceTree = "<group>"; };
		E49EE6EF2A7F3D86002F83D3 /* Card.swift */ = {isa = PBXFileReference; lastKnownFileType = sourcecode.swift; path = Card.swift; sourceTree = "<group>"; };
		E49EE6F22A7F47E9002F83D3 /* TwoColumnCell.swift */ = {isa = PBXFileReference; lastKnownFileType = sourcecode.swift; path = TwoColumnCell.swift; sourceTree = "<group>"; };
		E49EE6F42A7F4EAF002F83D3 /* EditViewController.swift */ = {isa = PBXFileReference; lastKnownFileType = sourcecode.swift; path = EditViewController.swift; sourceTree = "<group>"; };
		E4DA4BDB2A80AFEF00390D66 /* CardManager.swift */ = {isa = PBXFileReference; lastKnownFileType = sourcecode.swift; path = CardManager.swift; sourceTree = "<group>"; };
		E4DA4BDD2A80E46E00390D66 /* Config.plist */ = {isa = PBXFileReference; lastKnownFileType = text.plist.xml; path = Config.plist; sourceTree = "<group>"; };
/* End PBXFileReference section */

/* Begin PBXFrameworksBuildPhase section */
		E411DCEE2A7C988400529F4D /* Frameworks */ = {
			isa = PBXFrameworksBuildPhase;
			buildActionMask = 2147483647;
			files = (
				E49EE6EE2A7F3CE1002F83D3 /* RealmSwift in Frameworks */,
				E47527422A7F6ECC00FF5716 /* OpenAI in Frameworks */,
				E49EE6EC2A7F3CE1002F83D3 /* Realm in Frameworks */,
			);
			runOnlyForDeploymentPostprocessing = 0;
		};
/* End PBXFrameworksBuildPhase section */

/* Begin PBXGroup section */
		E411DCE82A7C988400529F4D = {
			isa = PBXGroup;
			children = (
				E411DCF32A7C988400529F4D /* ProsePro */,
				E411DCF22A7C988400529F4D /* Products */,
			);
			sourceTree = "<group>";
		};
		E411DCF22A7C988400529F4D /* Products */ = {
			isa = PBXGroup;
			children = (
				E411DCF12A7C988400529F4D /* ProsePro.app */,
			);
			name = Products;
			sourceTree = "<group>";
		};
		E411DCF32A7C988400529F4D /* ProsePro */ = {
			isa = PBXGroup;
			children = (
				E411DCF42A7C988400529F4D /* AppDelegate.swift */,
				E411DCF62A7C988400529F4D /* SceneDelegate.swift */,
				E411DD0C2A7CA6F300529F4D /* Controller */,
				E411DD0B2A7CA6EC00529F4D /* View */,
				E411DD002A7C988500529F4D /* Assets.xcassets */,
				E411DD022A7C988500529F4D /* LaunchScreen.storyboard */,
				E411DD052A7C988500529F4D /* Info.plist */,
				E411DCFD2A7C988400529F4D /* ProsePro.xcdatamodeld */,
				E49EE6F12A7F3D8B002F83D3 /* Model */,
				E4DA4BDD2A80E46E00390D66 /* Config.plist */,
			);
			path = ProsePro;
			sourceTree = "<group>";
		};
		E411DD0B2A7CA6EC00529F4D /* View */ = {
			isa = PBXGroup;
			children = (
				E411DCFA2A7C988400529F4D /* Main.storyboard */,
				E49EE6F22A7F47E9002F83D3 /* TwoColumnCell.swift */,
			);
			path = View;
			sourceTree = "<group>";
		};
		E411DD0C2A7CA6F300529F4D /* Controller */ = {
			isa = PBXGroup;
			children = (
				E411DCF82A7C988400529F4D /* StartViewController.swift */,
				E411DD0F2A7CA92500529F4D /* BrowseViewController.swift */,
				E49EE6F42A7F4EAF002F83D3 /* EditViewController.swift */,
				E411DD0D2A7CA87A00529F4D /* LearnViewController.swift */,
			);
			path = Controller;
			sourceTree = "<group>";
		};
		E49EE6F12A7F3D8B002F83D3 /* Model */ = {
			isa = PBXGroup;
			children = (
				E49EE6EF2A7F3D86002F83D3 /* Card.swift */,
				E4DA4BDB2A80AFEF00390D66 /* CardManager.swift */,
				E47527432A7F73D100FF5716 /* ChatGPT.swift */,
				E47527472A7F759800FF5716 /* Config.swift */,
			);
			path = Model;
			sourceTree = "<group>";
		};
/* End PBXGroup section */

/* Begin PBXNativeTarget section */
		E411DCF02A7C988400529F4D /* ProsePro */ = {
			isa = PBXNativeTarget;
			buildConfigurationList = E411DD082A7C988500529F4D /* Build configuration list for PBXNativeTarget "ProsePro" */;
			buildPhases = (
				E411DCED2A7C988400529F4D /* Sources */,
				E411DCEE2A7C988400529F4D /* Frameworks */,
				E411DCEF2A7C988400529F4D /* Resources */,
			);
			buildRules = (
			);
			dependencies = (
			);
			name = ProsePro;
			packageProductDependencies = (
				E49EE6EB2A7F3CE1002F83D3 /* Realm */,
				E49EE6ED2A7F3CE1002F83D3 /* RealmSwift */,
				E47527412A7F6ECC00FF5716 /* OpenAI */,
			);
			productName = ProsePro;
			productReference = E411DCF12A7C988400529F4D /* ProsePro.app */;
			productType = "com.apple.product-type.application";
		};
/* End PBXNativeTarget section */

/* Begin PBXProject section */
		E411DCE92A7C988400529F4D /* Project object */ = {
			isa = PBXProject;
			attributes = {
				BuildIndependentTargetsInParallel = 1;
				LastSwiftUpdateCheck = 1430;
				LastUpgradeCheck = 1430;
				TargetAttributes = {
					E411DCF02A7C988400529F4D = {
						CreatedOnToolsVersion = 14.3.1;
					};
				};
			};
			buildConfigurationList = E411DCEC2A7C988400529F4D /* Build configuration list for PBXProject "ProsePro" */;
			compatibilityVersion = "Xcode 14.0";
			developmentRegion = en;
			hasScannedForEncodings = 0;
			knownRegions = (
				en,
				Base,
			);
			mainGroup = E411DCE82A7C988400529F4D;
			packageReferences = (
				E49EE6EA2A7F3CE1002F83D3 /* XCRemoteSwiftPackageReference "realm-swift" */,
				E47527402A7F6ECC00FF5716 /* XCRemoteSwiftPackageReference "OpenAI" */,
			);
			productRefGroup = E411DCF22A7C988400529F4D /* Products */;
			projectDirPath = "";
			projectRoot = "";
			targets = (
				E411DCF02A7C988400529F4D /* ProsePro */,
			);
		};
/* End PBXProject section */

/* Begin PBXResourcesBuildPhase section */
		E411DCEF2A7C988400529F4D /* Resources */ = {
			isa = PBXResourcesBuildPhase;
			buildActionMask = 2147483647;
			files = (
				E4DA4BDE2A80E46E00390D66 /* Config.plist in Resources */,
				E411DD042A7C988500529F4D /* LaunchScreen.storyboard in Resources */,
				E411DD012A7C988500529F4D /* Assets.xcassets in Resources */,
				E411DCFC2A7C988400529F4D /* Main.storyboard in Resources */,
			);
			runOnlyForDeploymentPostprocessing = 0;
		};
/* End PBXResourcesBuildPhase section */

/* Begin PBXSourcesBuildPhase section */
		E411DCED2A7C988400529F4D /* Sources */ = {
			isa = PBXSourcesBuildPhase;
			buildActionMask = 2147483647;
			files = (
				E411DD102A7CA92500529F4D /* BrowseViewController.swift in Sources */,
				E411DD0E2A7CA87A00529F4D /* LearnViewController.swift in Sources */,
				E49EE6F02A7F3D86002F83D3 /* Card.swift in Sources */,
				E411DCF92A7C988400529F4D /* StartViewController.swift in Sources */,
				E47527482A7F759800FF5716 /* Config.swift in Sources */,
				E4DA4BDC2A80AFEF00390D66 /* CardManager.swift in Sources */,
				E411DCF52A7C988400529F4D /* AppDelegate.swift in Sources */,
				E411DCF72A7C988400529F4D /* SceneDelegate.swift in Sources */,
				E49EE6F32A7F47E9002F83D3 /* TwoColumnCell.swift in Sources */,
				E47527442A7F73D100FF5716 /* ChatGPT.swift in Sources */,
				E411DCFF2A7C988400529F4D /* ProsePro.xcdatamodeld in Sources */,
				E49EE6F52A7F4EAF002F83D3 /* EditViewController.swift in Sources */,
			);
			runOnlyForDeploymentPostprocessing = 0;
		};
/* End PBXSourcesBuildPhase section */

/* Begin PBXVariantGroup section */
		E411DCFA2A7C988400529F4D /* Main.storyboard */ = {
			isa = PBXVariantGroup;
			children = (
				E411DCFB2A7C988400529F4D /* Base */,
			);
			name = Main.storyboard;
			sourceTree = "<group>";
		};
		E411DD022A7C988500529F4D /* LaunchScreen.storyboard */ = {
			isa = PBXVariantGroup;
			children = (
				E411DD032A7C988500529F4D /* Base */,
			);
			name = LaunchScreen.storyboard;
			sourceTree = "<group>";
		};
/* End PBXVariantGroup section */

/* Begin XCBuildConfiguration section */
		E411DD062A7C988500529F4D /* Debug */ = {
			isa = XCBuildConfiguration;
			buildSettings = {
				ALWAYS_SEARCH_USER_PATHS = NO;
				CLANG_ANALYZER_NONNULL = YES;
				CLANG_ANALYZER_NUMBER_OBJECT_CONVERSION = YES_AGGRESSIVE;
				CLANG_CXX_LANGUAGE_STANDARD = "gnu++20";
				CLANG_ENABLE_MODULES = YES;
				CLANG_ENABLE_OBJC_ARC = YES;
				CLANG_ENABLE_OBJC_WEAK = YES;
				CLANG_WARN_BLOCK_CAPTURE_AUTORELEASING = YES;
				CLANG_WARN_BOOL_CONVERSION = YES;
				CLANG_WARN_COMMA = YES;
				CLANG_WARN_CONSTANT_CONVERSION = YES;
				CLANG_WARN_DEPRECATED_OBJC_IMPLEMENTATIONS = YES;
				CLANG_WARN_DIRECT_OBJC_ISA_USAGE = YES_ERROR;
				CLANG_WARN_DOCUMENTATION_COMMENTS = YES;
				CLANG_WARN_EMPTY_BODY = YES;
				CLANG_WARN_ENUM_CONVERSION = YES;
				CLANG_WARN_INFINITE_RECURSION = YES;
				CLANG_WARN_INT_CONVERSION = YES;
				CLANG_WARN_NON_LITERAL_NULL_CONVERSION = YES;
				CLANG_WARN_OBJC_IMPLICIT_RETAIN_SELF = YES;
				CLANG_WARN_OBJC_LITERAL_CONVERSION = YES;
				CLANG_WARN_OBJC_ROOT_CLASS = YES_ERROR;
				CLANG_WARN_QUOTED_INCLUDE_IN_FRAMEWORK_HEADER = YES;
				CLANG_WARN_RANGE_LOOP_ANALYSIS = YES;
				CLANG_WARN_STRICT_PROTOTYPES = YES;
				CLANG_WARN_SUSPICIOUS_MOVE = YES;
				CLANG_WARN_UNGUARDED_AVAILABILITY = YES_AGGRESSIVE;
				CLANG_WARN_UNREACHABLE_CODE = YES;
				CLANG_WARN__DUPLICATE_METHOD_MATCH = YES;
				COPY_PHASE_STRIP = NO;
				DEBUG_INFORMATION_FORMAT = dwarf;
				ENABLE_STRICT_OBJC_MSGSEND = YES;
				ENABLE_TESTABILITY = YES;
				GCC_C_LANGUAGE_STANDARD = gnu11;
				GCC_DYNAMIC_NO_PIC = NO;
				GCC_NO_COMMON_BLOCKS = YES;
				GCC_OPTIMIZATION_LEVEL = 0;
				GCC_PREPROCESSOR_DEFINITIONS = (
					"DEBUG=1",
					"$(inherited)",
				);
				GCC_WARN_64_TO_32_BIT_CONVERSION = YES;
				GCC_WARN_ABOUT_RETURN_TYPE = YES_ERROR;
				GCC_WARN_UNDECLARED_SELECTOR = YES;
				GCC_WARN_UNINITIALIZED_AUTOS = YES_AGGRESSIVE;
				GCC_WARN_UNUSED_FUNCTION = YES;
				GCC_WARN_UNUSED_VARIABLE = YES;
				IPHONEOS_DEPLOYMENT_TARGET = 16.4;
				MTL_ENABLE_DEBUG_INFO = INCLUDE_SOURCE;
				MTL_FAST_MATH = YES;
				ONLY_ACTIVE_ARCH = YES;
				SDKROOT = iphoneos;
				SWIFT_ACTIVE_COMPILATION_CONDITIONS = DEBUG;
				SWIFT_OPTIMIZATION_LEVEL = "-Onone";
			};
			name = Debug;
		};
		E411DD072A7C988500529F4D /* Release */ = {
			isa = XCBuildConfiguration;
			buildSettings = {
				ALWAYS_SEARCH_USER_PATHS = NO;
				CLANG_ANALYZER_NONNULL = YES;
				CLANG_ANALYZER_NUMBER_OBJECT_CONVERSION = YES_AGGRESSIVE;
				CLANG_CXX_LANGUAGE_STANDARD = "gnu++20";
				CLANG_ENABLE_MODULES = YES;
				CLANG_ENABLE_OBJC_ARC = YES;
				CLANG_ENABLE_OBJC_WEAK = YES;
				CLANG_WARN_BLOCK_CAPTURE_AUTORELEASING = YES;
				CLANG_WARN_BOOL_CONVERSION = YES;
				CLANG_WARN_COMMA = YES;
				CLANG_WARN_CONSTANT_CONVERSION = YES;
				CLANG_WARN_DEPRECATED_OBJC_IMPLEMENTATIONS = YES;
				CLANG_WARN_DIRECT_OBJC_ISA_USAGE = YES_ERROR;
				CLANG_WARN_DOCUMENTATION_COMMENTS = YES;
				CLANG_WARN_EMPTY_BODY = YES;
				CLANG_WARN_ENUM_CONVERSION = YES;
				CLANG_WARN_INFINITE_RECURSION = YES;
				CLANG_WARN_INT_CONVERSION = YES;
				CLANG_WARN_NON_LITERAL_NULL_CONVERSION = YES;
				CLANG_WARN_OBJC_IMPLICIT_RETAIN_SELF = YES;
				CLANG_WARN_OBJC_LITERAL_CONVERSION = YES;
				CLANG_WARN_OBJC_ROOT_CLASS = YES_ERROR;
				CLANG_WARN_QUOTED_INCLUDE_IN_FRAMEWORK_HEADER = YES;
				CLANG_WARN_RANGE_LOOP_ANALYSIS = YES;
				CLANG_WARN_STRICT_PROTOTYPES = YES;
				CLANG_WARN_SUSPICIOUS_MOVE = YES;
				CLANG_WARN_UNGUARDED_AVAILABILITY = YES_AGGRESSIVE;
				CLANG_WARN_UNREACHABLE_CODE = YES;
				CLANG_WARN__DUPLICATE_METHOD_MATCH = YES;
				COPY_PHASE_STRIP = NO;
				DEBUG_INFORMATION_FORMAT = "dwarf-with-dsym";
				ENABLE_NS_ASSERTIONS = NO;
				ENABLE_STRICT_OBJC_MSGSEND = YES;
				GCC_C_LANGUAGE_STANDARD = gnu11;
				GCC_NO_COMMON_BLOCKS = YES;
				GCC_WARN_64_TO_32_BIT_CONVERSION = YES;
				GCC_WARN_ABOUT_RETURN_TYPE = YES_ERROR;
				GCC_WARN_UNDECLARED_SELECTOR = YES;
				GCC_WARN_UNINITIALIZED_AUTOS = YES_AGGRESSIVE;
				GCC_WARN_UNUSED_FUNCTION = YES;
				GCC_WARN_UNUSED_VARIABLE = YES;
				IPHONEOS_DEPLOYMENT_TARGET = 16.4;
				MTL_ENABLE_DEBUG_INFO = NO;
				MTL_FAST_MATH = YES;
				SDKROOT = iphoneos;
				SWIFT_COMPILATION_MODE = wholemodule;
				SWIFT_OPTIMIZATION_LEVEL = "-O";
				VALIDATE_PRODUCT = YES;
			};
			name = Release;
		};
		E411DD092A7C988500529F4D /* Debug */ = {
			isa = XCBuildConfiguration;
			buildSettings = {
				ASSETCATALOG_COMPILER_APPICON_NAME = AppIcon;
				ASSETCATALOG_COMPILER_GLOBAL_ACCENT_COLOR_NAME = AccentColor;
				CODE_SIGN_STYLE = Automatic;
				CURRENT_PROJECT_VERSION = 1;
				DEVELOPMENT_TEAM = LQJDMTZAMJ;
				GENERATE_INFOPLIST_FILE = YES;
				INFOPLIST_FILE = ProsePro/Info.plist;
				INFOPLIST_KEY_UIApplicationSupportsIndirectInputEvents = YES;
				INFOPLIST_KEY_UILaunchStoryboardName = LaunchScreen;
				INFOPLIST_KEY_UIMainStoryboardFile = Main;
				INFOPLIST_KEY_UISupportedInterfaceOrientations_iPad = "UIInterfaceOrientationPortrait UIInterfaceOrientationPortraitUpsideDown UIInterfaceOrientationLandscapeLeft UIInterfaceOrientationLandscapeRight";
				INFOPLIST_KEY_UISupportedInterfaceOrientations_iPhone = "UIInterfaceOrientationPortrait UIInterfaceOrientationLandscapeLeft UIInterfaceOrientationLandscapeRight";
				LD_RUNPATH_SEARCH_PATHS = (
					"$(inherited)",
					"@executable_path/Frameworks",
				);
				MARKETING_VERSION = 1.0;
				OTHER_SWIFT_FLAGS = "";
				PRODUCT_BUNDLE_IDENTIFIER = com.marxqiu.ProsePro;
				PRODUCT_NAME = "$(TARGET_NAME)";
				SWIFT_EMIT_LOC_STRINGS = YES;
				SWIFT_STRICT_CONCURRENCY = complete;
				SWIFT_VERSION = 5.0;
				TARGETED_DEVICE_FAMILY = "1,2";
			};
			name = Debug;
		};
		E411DD0A2A7C988500529F4D /* Release */ = {
			isa = XCBuildConfiguration;
			buildSettings = {
				ASSETCATALOG_COMPILER_APPICON_NAME = AppIcon;
				ASSETCATALOG_COMPILER_GLOBAL_ACCENT_COLOR_NAME = AccentColor;
				CODE_SIGN_STYLE = Automatic;
				CURRENT_PROJECT_VERSION = 1;
				DEVELOPMENT_TEAM = LQJDMTZAMJ;
				GENERATE_INFOPLIST_FILE = YES;
				INFOPLIST_FILE = ProsePro/Info.plist;
				INFOPLIST_KEY_UIApplicationSupportsIndirectInputEvents = YES;
				INFOPLIST_KEY_UILaunchStoryboardName = LaunchScreen;
				INFOPLIST_KEY_UIMainStoryboardFile = Main;
				INFOPLIST_KEY_UISupportedInterfaceOrientations_iPad = "UIInterfaceOrientationPortrait UIInterfaceOrientationPortraitUpsideDown UIInterfaceOrientationLandscapeLeft UIInterfaceOrientationLandscapeRight";
				INFOPLIST_KEY_UISupportedInterfaceOrientations_iPhone = "UIInterfaceOrientationPortrait UIInterfaceOrientationLandscapeLeft UIInterfaceOrientationLandscapeRight";
				LD_RUNPATH_SEARCH_PATHS = (
					"$(inherited)",
					"@executable_path/Frameworks",
				);
				MARKETING_VERSION = 1.0;
				OTHER_SWIFT_FLAGS = "";
				PRODUCT_BUNDLE_IDENTIFIER = com.marxqiu.ProsePro;
				PRODUCT_NAME = "$(TARGET_NAME)";
				SWIFT_EMIT_LOC_STRINGS = YES;
				SWIFT_STRICT_CONCURRENCY = complete;
				SWIFT_VERSION = 5.0;
				TARGETED_DEVICE_FAMILY = "1,2";
			};
			name = Release;
		};
/* End XCBuildConfiguration section */

/* Begin XCConfigurationList section */
		E411DCEC2A7C988400529F4D /* Build configuration list for PBXProject "ProsePro" */ = {
			isa = XCConfigurationList;
			buildConfigurations = (
				E411DD062A7C988500529F4D /* Debug */,
				E411DD072A7C988500529F4D /* Release */,
			);
			defaultConfigurationIsVisible = 0;
			defaultConfigurationName = Release;
		};
		E411DD082A7C988500529F4D /* Build configuration list for PBXNativeTarget "ProsePro" */ = {
			isa = XCConfigurationList;
			buildConfigurations = (
				E411DD092A7C988500529F4D /* Debug */,
				E411DD0A2A7C988500529F4D /* Release */,
			);
			defaultConfigurationIsVisible = 0;
			defaultConfigurationName = Release;
		};
/* End XCConfigurationList section */

/* Begin XCRemoteSwiftPackageReference section */
		E47527402A7F6ECC00FF5716 /* XCRemoteSwiftPackageReference "OpenAI" */ = {
			isa = XCRemoteSwiftPackageReference;
			repositoryURL = "https://github.com/MacPaw/OpenAI.git";
			requirement = {
				kind = upToNextMajorVersion;
				minimumVersion = 0.2.3;
			};
		};
		E49EE6EA2A7F3CE1002F83D3 /* XCRemoteSwiftPackageReference "realm-swift" */ = {
			isa = XCRemoteSwiftPackageReference;
			repositoryURL = "https://github.com/realm/realm-swift.git";
			requirement = {
				kind = upToNextMajorVersion;
				minimumVersion = 10.42.0;
			};
		};
/* End XCRemoteSwiftPackageReference section */

/* Begin XCSwiftPackageProductDependency section */
		E47527412A7F6ECC00FF5716 /* OpenAI */ = {
			isa = XCSwiftPackageProductDependency;
			package = E47527402A7F6ECC00FF5716 /* XCRemoteSwiftPackageReference "OpenAI" */;
			productName = OpenAI;
		};
		E49EE6EB2A7F3CE1002F83D3 /* Realm */ = {
			isa = XCSwiftPackageProductDependency;
			package = E49EE6EA2A7F3CE1002F83D3 /* XCRemoteSwiftPackageReference "realm-swift" */;
			productName = Realm;
		};
		E49EE6ED2A7F3CE1002F83D3 /* RealmSwift */ = {
			isa = XCSwiftPackageProductDependency;
			package = E49EE6EA2A7F3CE1002F83D3 /* XCRemoteSwiftPackageReference "realm-swift" */;
			productName = RealmSwift;
		};
/* End XCSwiftPackageProductDependency section */

/* Begin XCVersionGroup section */
		E411DCFD2A7C988400529F4D /* ProsePro.xcdatamodeld */ = {
			isa = XCVersionGroup;
			children = (
				E411DCFE2A7C988400529F4D /* ProsePro.xcdatamodel */,
			);
			currentVersion = E411DCFE2A7C988400529F4D /* ProsePro.xcdatamodel */;
			path = ProsePro.xcdatamodeld;
			sourceTree = "<group>";
			versionGroupType = wrapper.xcdatamodel;
		};
/* End XCVersionGroup section */
	};
	rootObject = E411DCE92A7C988400529F4D /* Project object */;
}
